schema: '2.0'
stages:
  pipeline:
    cmd: python3 src/Regression_script.py
    deps:
    - path: data
      md5: 059a3b1ac7e4140fe7e912479b35f96d.dir
      size: 306546
      nfiles: 1
    - path: src
      md5: e58b97f88491b4b0ec5c5ba658ec5ee0.dir
      size: 8904
      nfiles: 2
    params:
      params.yaml:
        n_neighbors: 100
        n_splits: 5
        random_state: 4
        test_size: 0.1
    outs:
    - path: metrics.json
      md5: 42eda49c7162a18d7425d1e8323d8601
      size: 29
    - path: model_name.pickle
      md5: 863ec5066ab0a976e349e8493b5bd4b4
      size: 1815
    - path: plots_file.json
      md5: da82aab180cf1bd6ec70a4d263f177d6
      size: 1445
